<?xml version="1.0" encoding="utf-8"?>
<Project ToolsVersion="4.0" xmlns="http://schemas.microsoft.com/developer/msbuild/2003">
  <ItemGroup>
    <Filter Include="源文件">
      <UniqueIdentifier>{4FC737F1-C7A5-4376-A066-2A32D752A2FF}</UniqueIdentifier>
      <Extensions>cpp;c;cc;cxx;c++;cppm;ixx;def;odl;idl;hpj;bat;asm;asmx</Extensions>
    </Filter>
    <Filter Include="头文件">
      <UniqueIdentifier>{93995380-89BD-4b04-88EB-625FBE52EBFB}</UniqueIdentifier>
      <Extensions>h;hh;hpp;hxx;h++;hm;inl;inc;ipp;xsd</Extensions>
    </Filter>
    <Filter Include="资源文件">
      <UniqueIdentifier>{67DA6AB6-F800-4c08-8B7A-83BB121AAD01}</UniqueIdentifier>
      <Extensions>rc;ico;cur;bmp;dlg;rc2;rct;bin;rgs;gif;jpg;jpeg;jpe;resx;tiff;tif;png;wav;mfcribbon-ms</Extensions>
    </Filter>
    <Filter Include="codec">
      <UniqueIdentifier>{634522c9-faa9-4e15-828c-f51b9219bf11}</UniqueIdentifier>
    </Filter>
  </ItemGroup>
  <ItemGroup>
    <ClCompile Include="main.cpp">
      <Filter>源文件</Filter>
    </ClCompile>
    <ClCompile Include="TcpClient.cpp">
      <Filter>源文件</Filter>
    </ClCompile>
    <ClCompile Include="TcpCommunication.cpp">
      <Filter>源文件</Filter>
    </ClCompile>
    <ClCompile Include="..\..\share\SimpleLogger.cpp">
      <Filter>源文件</Filter>
    </ClCompile>
    <ClCompile Include="..\..\share\codec\RequestCodec.cpp">
      <Filter>codec</Filter>
    </ClCompile>
    <ClCompile Include="..\..\share\codec\RequestCodecFactory.cpp">
      <Filter>codec</Filter>
    </ClCompile>
    <ClCompile Include="..\..\share\codec\ResponseCodec.cpp">
      <Filter>codec</Filter>
    </ClCompile>
    <ClCompile Include="..\..\share\codec\ResponseCodecFactory.cpp">
      <Filter>codec</Filter>
    </ClCompile>
    <ClCompile Include="..\..\share\codec\Message.pb.cc">
      <Filter>codec</Filter>
    </ClCompile>
  </ItemGroup>
  <ItemGroup>
    <ClInclude Include="TcpClient.h">
      <Filter>头文件</Filter>
    </ClInclude>
    <ClInclude Include="TcpCommunication.h">
      <Filter>头文件</Filter>
    </ClInclude>
    <ClInclude Include="..\..\share\SimpleLogger.h">
      <Filter>头文件</Filter>
    </ClInclude>
    <ClInclude Include="..\..\share\codec\Codec.hpp">
      <Filter>codec</Filter>
    </ClInclude>
    <ClInclude Include="..\..\share\codec\CodecFactory.hpp">
      <Filter>codec</Filter>
    </ClInclude>
    <ClInclude Include="..\..\share\codec\RequestCodec.h">
      <Filter>codec</Filter>
    </ClInclude>
    <ClInclude Include="..\..\share\codec\RequestCodecFactory.h">
      <Filter>codec</Filter>
    </ClInclude>
    <ClInclude Include="..\..\share\codec\ResponseCodec.h">
      <Filter>codec</Filter>
    </ClInclude>
    <ClInclude Include="..\..\share\codec\ResponseCodecFactory.h">
      <Filter>codec</Filter>
    </ClInclude>
    <ClInclude Include="..\..\share\codec\Message.pb.h">
      <Filter>codec</Filter>
    </ClInclude>
  </ItemGroup>
</Project>